
Microsoft Visual Studio Solution File, Format Version 12.00
# Visual Studio 15
VisualStudioVersion = 15.0.28307.1705
MinimumVisualStudioVersion = 10.0.40219.1
Project("{8BC9CEB8-8B4A-11D0-8D11-00A0C91BC942}") = "pnd", "pnd.vcxproj", "{61FD79F2-8837-405B-A487-AE90C58BB4BA}"
EndProject
Global
	GlobalSection(SolutionConfigurationPlatforms) = preSolution
		Release|x86 = Release|x86
	EndGlobalSection
	GlobalSection(ProjectConfigurationPlatforms) = postSolution
		{61FD79F2-8837-405B-A487-AE90C58BB4BA}.Release|x86.ActiveCfg = Release|Win32
		{61FD79F2-8837-405B-A487-AE90C58BB4BA}.Release|x86.Build.0 = Release|Win32
	EndGlobalSection
	GlobalSection(SolutionProperties) = preSolution
		HideSolutionNode = FALSE
	EndGlobalSection
	GlobalSection(ExtensibilityGlobals) = postSolution
		SolutionGuid = {C05A2629-65BA-4806-810B-E26F012F7670}
	EndGlobalSection
EndGlobal
